version: 1
config_sha256: e5f8a96073b5a064dcb7be66e332ecd508e766d5359d1d4f5b08fcceef3914a3
sources:
  obra-superpowers:
    kind: git
    repo: https://github.com/obra/superpowers.git
    requested_ref: v6.3.0
    resolved_commit: b36e0829c6d0140e93cfef2ca599b1b07d4a7797
  trailofbits-skills:
    kind: git
    repo: https://github.com/trailofbits/skills.git
    requested_ref: 123037ec8aed26f0d86327cc39137ee5043e5deb
    resolved_commit: 123037ec8aed26f0d86327cc39137ee5043e5deb
  anthropics-skills:
    kind: git
    repo: https://github.com/anthropics/skills.git
    requested_ref: 34040c9c568585f6929bedeaad110ad08f079624
    resolved_commit: 34040c9c568585f6929bedeaad110ad08f079624
  lambdatest-agent-skills:
    kind: git
    repo: https://github.com/LambdaTest/agent-skills.git
    requested_ref: 0de6ebfd44b7c67c62171320c4446f13856fc443
    resolved_commit: 0de6ebfd44b7c67c62171320c4446f13856fc443
  getsentry-skills:
    kind: git
    repo: https://github.com/getsentry/skills.git
    requested_ref: c2f99a5b04b4cd992ec3022d7c2c3e23e938d241
    resolved_commit: c2f99a5b04b4cd992ec3022d7c2c3e23e938d241
  hamelsmu-evals-skills:
    kind: git
    repo: https://github.com/hamelsmu/evals-skills.git
    requested_ref: 22418da2bfb159f28a1b0dcf64e969e14ae56c99
    resolved_commit: 22418da2bfb159f28a1b0dcf64e969e14ae56c99
  context-engineering:
    kind: git
    repo: https://github.com/muratcankoylan/Agent-Skills-for-Context-Engineering.git
    requested_ref: 6dbe1a1d868eab51a3bc9011b0f55e2891513e40
    resolved_commit: 6dbe1a1d868eab51a3bc9011b0f55e2891513e40
  openai-skills:
    kind: git
    repo: https://github.com/openai/skills.git
    requested_ref: 49f948faa9258a0c61caceaf225e179651397431
    resolved_commit: 49f948faa9258a0c61caceaf225e179651397431
  ibelick-ui-skills:
    kind: git
    repo: https://github.com/ibelick/ui-skills.git
    requested_ref: c5bcd86450b3582ba25204c622b9213b07464938
    resolved_commit: c5bcd86450b3582ba25204c622b9213b07464938
  meodai-color-expert:
    kind: git
    repo: https://github.com/meodai/skill.color-expert.git
    requested_ref: 814f874f399fb60a746bc1cf607f07c8e85e7c45
    resolved_commit: 814f874f399fb60a746bc1cf607f07c8e85e7c45
  testdino-playwright:
    kind: git
    repo: https://github.com/testdino-hq/playwright-skill.git
    requested_ref: 400e4256cd22669ad69c18d31d3e5541e4e1c2a3
    resolved_commit: 400e4256cd22669ad69c18d31d3e5541e4e1c2a3
  neolab-context-engineering:
    kind: git
    repo: https://github.com/NeoLabHQ/context-engineering-kit.git
    requested_ref: 23e2428e809d77717f8acc9659c374a3a1fcb93e
    resolved_commit: 23e2428e809d77717f8acc9659c374a3a1fcb93e
  claude-memory-kit:
    kind: git
    repo: https://github.com/awrshift/claude-memory-kit.git
    requested_ref: 9c76b4e1e0dd2cba30b2f978ed07503406ba8590
    resolved_commit: 9c76b4e1e0dd2cba30b2f978ed07503406ba8590
  agent-reach:
    kind: git
    repo: https://github.com/Panniantong/Agent-Reach.git
    requested_ref: a19a171fa980a0785849596492e0af4db800c82f
    resolved_commit: a19a171fa980a0785849596492e0af4db800c82f
  k-dense-scientific:
    kind: git
    repo: https://github.com/K-Dense-AI/claude-scientific-skills.git
    requested_ref: 330c8e764435a731eff571e3efdda70b363d0792
    resolved_commit: 330c8e764435a731eff571e3efdda70b363d0792
  orchestra-ai-research:
    kind: git
    repo: https://github.com/Orchestra-Research/AI-research-SKILLs.git
    requested_ref: 773a52944ba4747a18bd4ae9ade53fff041adcbc
    resolved_commit: 773a52944ba4747a18bd4ae9ade53fff041adcbc
  claude-ally-health:
    kind: git
    repo: https://github.com/huifer/Claude-Ally-Health.git
    requested_ref: f604350c8448194ee7791495c1b3b84e1895c30b
    resolved_commit: f604350c8448194ee7791495c1b3b84e1895c30b
  lawvable-legal:
    kind: git
    repo: https://github.com/lawvable/awesome-legal-skills.git
    requested_ref: 180fd1582cc56fb0fc122a8e734ff3a1a666b87a
    resolved_commit: 180fd1582cc56fb0fc122a8e734ff3a1a666b87a
  genealogy-research:
    kind: http
    url: https://paulo.com.br/skills/genealogy-research/SKILL.md
    sha256: 06f17b18f53314c99580d656827906ff23e55f0ee62e9103ad604f7f5462dd3a
  zxkane-aws-skills:
    kind: git
    repo: https://github.com/zxkane/aws-skills.git
    requested_ref: 68530c6f296ccd2f5e99c79782f3e0fbf962c51a
    resolved_commit: 68530c6f296ccd2f5e99c79782f3e0fbf962c51a
  videodb-skills:
    kind: git
    repo: https://github.com/video-db/skills.git
    requested_ref: b47b587e282bc95a0ec4e8a25fc72a8600941341
    resolved_commit: b47b587e282bc95a0ec4e8a25fc72a8600941341
  ui-ux-pro-max:
    kind: git
    repo: https://github.com/nextlevelbuilder/ui-ux-pro-max-skill.git
    requested_ref: 15de38fb70bc80ae9276fa7703b48ae861a672e6
    resolved_commit: 15de38fb70bc80ae9276fa7703b48ae861a672e6
  lackeyjb-playwright:
    kind: git
    repo: https://github.com/lackeyjb/playwright-skill.git
    requested_ref: dd47a6a023e249eb1b36e9e943eab89d0900865d
    resolved_commit: dd47a6a023e249eb1b36e9e943eab89d0900865d
